// !$*UTF8*$!
{
	archiveVersion = 1;
	classes = {
	};
	objectVersion = 56;
	objects = {

/* Begin PBXBuildFile section */
		A01234567890123456789001 /* MacClipboardApp.swift in Sources */ = {isa = PBXBuildFile; fileRef = A01234567890123456789002 /* MacClipboardApp.swift */; };
		A01234567890123456789003 /* ContentView.swift in Sources */ = {isa = PBXBuildFile; fileRef = A01234567890123456789004 /* ContentView.swift */; };
		A0SETTINGSVIEW0000000001 /* SettingsView.swift in Sources */ = {isa = PBXBuildFile; fileRef = A0SETTINGSVIEW0000000000 /* SettingsView.swift */; };
		A01234567890123456789005 /* ClipboardMonitor.swift in Sources */ = {isa = PBXBuildFile; fileRef = A01234567890123456789006 /* ClipboardMonitor.swift */; };
		A01234567890123456789007 /* MenuBarController.swift in Sources */ = {isa = PBXBuildFile; fileRef = A01234567890123456789008 /* MenuBarController.swift */; };
		A01234567890123456789009 /* UserPreferences.swift in Sources */ = {isa = PBXBuildFile; fileRef = A01234567890123456789010 /* UserPreferences.swift */; };
		A01234567890123456789011 /* Assets.xcassets in Resources */ = {isa = PBXBuildFile; fileRef = A01234567890123456789012 /* Assets.xcassets */; };
		A0LOGGINGFILE00000000000001 /* Logging.swift in Sources */ = {isa = PBXBuildFile; fileRef = A0LOGGINGFILE00000000000000 /* Logging.swift */; };
		A0PERMISSIONMGR000000000001 /* PermissionManager.swift in Sources */ = {isa = PBXBuildFile; fileRef = A0PERMISSIONMGR000000000000 /* PermissionManager.swift */; };
		A48844D4AC8B4871B8C4A0B2 /* ClipboardData.xcdatamodeld in Sources */ = {isa = PBXBuildFile; fileRef = 508F627859E545F9886D6161 /* ClipboardData.xcdatamodeld */; };
		E80EE0653306406CA8CB60BF /* PersistenceManager.swift in Sources */ = {isa = PBXBuildFile; fileRef = 2515D8D1089F4890B45C263D /* PersistenceManager.swift */; };
/* End PBXBuildFile section */

/* Begin PBXFileReference section */
		A01234567890123456789000 /* MacClipboard.app */ = {isa = PBXFileReference; explicitFileType = wrapper.application; includeInIndex = 0; path = MacClipboard.app; sourceTree = BUILT_PRODUCTS_DIR; };
		A01234567890123456789002 /* MacClipboardApp.swift */ = {isa = PBXFileReference; lastKnownFileType = sourcecode.swift; path = MacClipboardApp.swift; sourceTree = "<group>"; };
		A01234567890123456789004 /* ContentView.swift */ = {isa = PBXFileReference; lastKnownFileType = sourcecode.swift; path = ContentView.swift; sourceTree = "<group>"; };
		A01234567890123456789006 /* ClipboardMonitor.swift */ = {isa = PBXFileReference; lastKnownFileType = sourcecode.swift; path = ClipboardMonitor.swift; sourceTree = "<group>"; };
		A01234567890123456789008 /* MenuBarController.swift */ = {isa = PBXFileReference; lastKnownFileType = sourcecode.swift; path = MenuBarController.swift; sourceTree = "<group>"; };
		A01234567890123456789010 /* UserPreferences.swift */ = {isa = PBXFileReference; lastKnownFileType = sourcecode.swift; path = UserPreferences.swift; sourceTree = "<group>"; };
		A01234567890123456789012 /* Assets.xcassets */ = {isa = PBXFileReference; lastKnownFileType = folder.assetcatalog; path = Assets.xcassets; sourceTree = "<group>"; };
		A01234567890123456789013 /* MacClipboard.entitlements */ = {isa = PBXFileReference; lastKnownFileType = text.plist.entitlements; path = MacClipboard.entitlements; sourceTree = "<group>"; };
		A0LOGGINGFILE00000000000000 /* Logging.swift */ = {isa = PBXFileReference; lastKnownFileType = sourcecode.swift; path = Logging.swift; sourceTree = "<group>"; };
		A0PERMISSIONMGR000000000000 /* PermissionManager.swift */ = {isa = PBXFileReference; lastKnownFileType = sourcecode.swift; path = PermissionManager.swift; sourceTree = "<group>"; };
		A0SETTINGSVIEW0000000000 /* SettingsView.swift */ = {isa = PBXFileReference; lastKnownFileType = sourcecode.swift; path = SettingsView.swift; sourceTree = "<group>"; };
		508F627859E545F9886D6161 /* ClipboardData.xcdatamodeld */ = {isa = PBXFileReference; lastKnownFileType = wrapper.xcdatamodel; path = ClipboardData.xcdatamodeld; sourceTree = "<group>"; };
		2515D8D1089F4890B45C263D /* PersistenceManager.swift */ = {isa = PBXFileReference; lastKnownFileType = sourcecode.swift; path = PersistenceManager.swift; sourceTree = "<group>"; };
/* End PBXFileReference section */

/* Begin PBXFrameworksBuildPhase section */
		A01234567890123456789014 /* Frameworks */ = {
			isa = PBXFrameworksBuildPhase;
			buildActionMask = 2147483647;
			files = (
			);
			runOnlyForDeploymentPostprocessing = 0;
		};
/* End PBXFrameworksBuildPhase section */

/* Begin PBXGroup section */
		A01234567890123456789015 = {
			isa = PBXGroup;
			children = (
				A01234567890123456789016 /* MacClipboard */,
				A01234567890123456789017 /* Products */,
			);
			sourceTree = "<group>";
		};
		A01234567890123456789016 /* MacClipboard */ = {
			isa = PBXGroup;
			children = (
				A01234567890123456789002 /* MacClipboardApp.swift */,
				A01234567890123456789004 /* ContentView.swift */,
				A01234567890123456789006 /* ClipboardMonitor.swift */,
				A01234567890123456789008 /* MenuBarController.swift */,
				A01234567890123456789010 /* UserPreferences.swift */,
				A0LOGGINGFILE00000000000000 /* Logging.swift */,
				A0PERMISSIONMGR000000000000 /* PermissionManager.swift */,
				A0SETTINGSVIEW0000000000 /* SettingsView.swift */,
				2515D8D1089F4890B45C263D /* PersistenceManager.swift */,
				508F627859E545F9886D6161 /* ClipboardData.xcdatamodeld */,
				A01234567890123456789012 /* Assets.xcassets */,
				A01234567890123456789013 /* MacClipboard.entitlements */,
			);
			path = MacClipboard;
			sourceTree = "<group>";
		};
		A01234567890123456789017 /* Products */ = {
			isa = PBXGroup;
			children = (
				A01234567890123456789000 /* MacClipboard.app */,
			);
			name = Products;
			sourceTree = "<group>";
		};
/* End PBXGroup section */

/* Begin PBXNativeTarget section */
		A01234567890123456789018 /* MacClipboard */ = {
			isa = PBXNativeTarget;
			buildConfigurationList = A01234567890123456789019 /* Build configuration list for PBXNativeTarget "MacClipboard" */;
			buildPhases = (
				A01234567890123456789020 /* Sources */,
				A01234567890123456789014 /* Frameworks */,
				A01234567890123456789021 /* Resources */,
			);
			buildRules = (
			);
			dependencies = (
			);
			name = MacClipboard;
			productName = MacClipboard;
			productReference = A01234567890123456789000 /* MacClipboard.app */;
			productType = "com.apple.product-type.application";
		};
/* End PBXNativeTarget section */

/* Begin PBXProject section */
		A01234567890123456789022 /* Project object */ = {
			isa = PBXProject;
			attributes = {
				BuildIndependentTargetsInParallel = 1;
				LastSwiftUpdateCheck = 1500;
				LastUpgradeCheck = 1500;
				TargetAttributes = {
					A01234567890123456789018 = {
						CreatedOnToolsVersion = 15.0;
					};
				};
			};
			buildConfigurationList = A01234567890123456789023 /* Build configuration list for PBXProject "MacClipboard" */;
			compatibilityVersion = "Xcode 14.0";
			developmentRegion = en;
			hasScannedForEncodings = 0;
			knownRegions = (
				en,
				Base,
			);
			mainGroup = A01234567890123456789015;
			productRefGroup = A01234567890123456789017 /* Products */;
			projectDirPath = "";
			projectRoot = "";
				targets = (
					A01234567890123456789018 /* MacClipboard */,
				);
		};
/* End PBXProject section */

/* Begin PBXResourcesBuildPhase section */
		A01234567890123456789021 /* Resources */ = {
			isa = PBXResourcesBuildPhase;
			buildActionMask = 2147483647;
			files = (
				A01234567890123456789011 /* Assets.xcassets in Resources */,
			);
			runOnlyForDeploymentPostprocessing = 0;
		};
/* End PBXResourcesBuildPhase section */

/* Begin PBXSourcesBuildPhase section */
		A01234567890123456789020 /* Sources */ = {
			isa = PBXSourcesBuildPhase;
			buildActionMask = 2147483647;
			files = (
				A01234567890123456789003 /* ContentView.swift in Sources */,
				A01234567890123456789005 /* ClipboardMonitor.swift in Sources */,
				A01234567890123456789007 /* MenuBarController.swift in Sources */,
				A01234567890123456789009 /* UserPreferences.swift in Sources */,
				A01234567890123456789001 /* MacClipboardApp.swift in Sources */,
				A0LOGGINGFILE00000000000001 /* Logging.swift in Sources */,
				A0PERMISSIONMGR000000000001 /* PermissionManager.swift in Sources */,
				A0SETTINGSVIEW0000000001 /* SettingsView.swift in Sources */,
				E80EE0653306406CA8CB60BF /* PersistenceManager.swift in Sources */,
				A48844D4AC8B4871B8C4A0B2 /* ClipboardData.xcdatamodeld in Sources */,
			);
			runOnlyForDeploymentPostprocessing = 0;
		};
/* End PBXSourcesBuildPhase section */

/* Begin XCBuildConfiguration section */
		A01234567890123456789024 /* Debug */ = {
			isa = XCBuildConfiguration;
			buildSettings = {
				ALWAYS_SEARCH_USER_PATHS = NO;
				ASSETCATALOG_COMPILER_GENERATE_SWIFT_ASSET_SYMBOL_EXTENSIONS = YES;
				CLANG_ANALYZER_NONNULL = YES;
				CLANG_ANALYZER_NUMBER_OBJECT_CONVERSION = YES_AGGRESSIVE;
				CLANG_CXX_LANGUAGE_STANDARD = "gnu++20";
				CLANG_ENABLE_MODULES = YES;
				CLANG_ENABLE_OBJC_ARC = YES;
				CLANG_ENABLE_OBJC_WEAK = YES;
				CLANG_WARN_BLOCK_CAPTURE_AUTORELEASING = YES;
				CLANG_WARN_BOOL_CONVERSION = YES;
				CLANG_WARN_COMMA = YES;
				CLANG_WARN_CONSTANT_CONVERSION = YES;
				CLANG_WARN_DEPRECATED_OBJC_IMPLEMENTATIONS = YES;
				CLANG_WARN_DIRECT_OBJC_ISA_USAGE = YES_ERROR;
				CLANG_WARN_DOCUMENTATION_COMMENTS = YES;
				CLANG_WARN_EMPTY_BODY = YES;
				CLANG_WARN_ENUM_CONVERSION = YES;
				CLANG_WARN_INFINITE_RECURSION = YES;
				CLANG_WARN_INT_CONVERSION = YES;
				CLANG_WARN_NON_LITERAL_NULL_CONVERSION = YES;
				CLANG_WARN_OBJC_IMPLICIT_RETAIN_SELF = YES;
				CLANG_WARN_OBJC_LITERAL_CONVERSION = YES;
				CLANG_WARN_OBJC_ROOT_CLASS = YES_ERROR;
				CLANG_WARN_QUOTED_INCLUDE_IN_FRAMEWORK_HEADER = YES;
				CLANG_WARN_RANGE_LOOP_ANALYSIS = YES;
				CLANG_WARN_STRICT_PROTOTYPES = YES;
				CLANG_WARN_SUSPICIOUS_MOVE = YES;
				CLANG_WARN_UNGUARDED_AVAILABILITY = YES_AGGRESSIVE;
				CLANG_WARN_UNREACHABLE_CODE = YES;
				CLANG_WARN__DUPLICATE_METHOD_MATCH = YES;
				COPY_PHASE_STRIP = NO;
				DEBUG_INFORMATION_FORMAT = dwarf;
				ENABLE_STRICT_OBJC_MSGSEND = YES;
				ENABLE_TESTABILITY = YES;
				ENABLE_USER_SCRIPT_SANDBOXING = YES;
				GCC_C_LANGUAGE_STANDARD = gnu17;
				GCC_DYNAMIC_NO_PIC = NO;
				GCC_NO_COMMON_BLOCKS = YES;
				GCC_OPTIMIZATION_LEVEL = 0;
				GCC_PREPROCESSOR_DEFINITIONS = (
					"DEBUG=1",
					"$(inherited)",
				);
				GCC_WARN_64_TO_32_BIT_CONVERSION = YES;
				GCC_WARN_ABOUT_RETURN_TYPE = YES_ERROR;
				GCC_WARN_UNDECLARED_SELECTOR = YES;
				GCC_WARN_UNINITIALIZED_AUTOS = YES_AGGRESSIVE;
				GCC_WARN_UNUSED_FUNCTION = YES;
				GCC_WARN_UNUSED_VARIABLE = YES;
				LOCALIZATION_PREFERS_STRING_CATALOGS = YES;
				MACOSX_DEPLOYMENT_TARGET = 13.0;
				MTL_ENABLE_DEBUG_INFO = INCLUDE_SOURCE;
				MTL_FAST_MATH = YES;
				ONLY_ACTIVE_ARCH = YES;
				SDKROOT = macosx;
				SWIFT_ACTIVE_COMPILATION_CONDITIONS = "DEBUG $(inherited)";
				SWIFT_OPTIMIZATION_LEVEL = "-Onone";
			};
			name = Debug;
		};
		A01234567890123456789025 /* Release */ = {
			isa = XCBuildConfiguration;
			buildSettings = {
				ALWAYS_SEARCH_USER_PATHS = NO;
				ASSETCATALOG_COMPILER_GENERATE_SWIFT_ASSET_SYMBOL_EXTENSIONS = YES;
				CLANG_ANALYZER_NONNULL = YES;
				CLANG_ANALYZER_NUMBER_OBJECT_CONVERSION = YES_AGGRESSIVE;
				CLANG_CXX_LANGUAGE_STANDARD = "gnu++20";
				CLANG_ENABLE_MODULES = YES;
				CLANG_ENABLE_OBJC_ARC = YES;
				CLANG_ENABLE_OBJC_WEAK = YES;
				CLANG_WARN_BLOCK_CAPTURE_AUTORELEASING = YES;
				CLANG_WARN_BOOL_CONVERSION = YES;
				CLANG_WARN_COMMA = YES;
				CLANG_WARN_CONSTANT_CONVERSION = YES;
				CLANG_WARN_DEPRECATED_OBJC_IMPLEMENTATIONS = YES;
				CLANG_WARN_DIRECT_OBJC_ISA_USAGE = YES_ERROR;
				CLANG_WARN_DOCUMENTATION_COMMENTS = YES;
				CLANG_WARN_EMPTY_BODY = YES;
				CLANG_WARN_ENUM_CONVERSION = YES;
				CLANG_WARN_INFINITE_RECURSION = YES;
				CLANG_WARN_INT_CONVERSION = YES;
				CLANG_WARN_NON_LITERAL_NULL_CONVERSION = YES;
				CLANG_WARN_OBJC_IMPLICIT_RETAIN_SELF = YES;
				CLANG_WARN_OBJC_LITERAL_CONVERSION = YES;
				CLANG_WARN_OBJC_ROOT_CLASS = YES_ERROR;
				CLANG_WARN_QUOTED_INCLUDE_IN_FRAMEWORK_HEADER = YES;
				CLANG_WARN_RANGE_LOOP_ANALYSIS = YES;
				CLANG_WARN_STRICT_PROTOTYPES = YES;
				CLANG_WARN_SUSPICIOUS_MOVE = YES;
				CLANG_WARN_UNGUARDED_AVAILABILITY = YES_AGGRESSIVE;
				CLANG_WARN_UNREACHABLE_CODE = YES;
				CLANG_WARN__DUPLICATE_METHOD_MATCH = YES;
				COPY_PHASE_STRIP = NO;
				DEBUG_INFORMATION_FORMAT = "dwarf-with-dsym";
				ENABLE_NS_ASSERTIONS = NO;
				ENABLE_STRICT_OBJC_MSGSEND = YES;
				ENABLE_USER_SCRIPT_SANDBOXING = YES;
				GCC_C_LANGUAGE_STANDARD = gnu17;
				GCC_NO_COMMON_BLOCKS = YES;
				GCC_WARN_64_TO_32_BIT_CONVERSION = YES;
				GCC_WARN_ABOUT_RETURN_TYPE = YES_ERROR;
				GCC_WARN_UNDECLARED_SELECTOR = YES;
				GCC_WARN_UNINITIALIZED_AUTOS = YES_AGGRESSIVE;
				GCC_WARN_UNUSED_FUNCTION = YES;
				GCC_WARN_UNUSED_VARIABLE = YES;
				LOCALIZATION_PREFERS_STRING_CATALOGS = YES;
				MACOSX_DEPLOYMENT_TARGET = 13.0;
				MTL_ENABLE_DEBUG_INFO = NO;
				MTL_FAST_MATH = YES;
				SDKROOT = macosx;
				SWIFT_COMPILATION_MODE = wholemodule;
			};
			name = Release;
		};
		A01234567890123456789026 /* Debug */ = {
			isa = XCBuildConfiguration;
			buildSettings = {
				ASSETCATALOG_COMPILER_APPICON_NAME = AppIcon;
				ASSETCATALOG_COMPILER_GLOBAL_ACCENT_COLOR_NAME = AccentColor;
				CODE_SIGN_ENTITLEMENTS = MacClipboard/MacClipboard.entitlements;
				CODE_SIGN_STYLE = Automatic;
				COMBINE_HIDPI_IMAGES = YES;
				CURRENT_PROJECT_VERSION = 10;
				DEVELOPMENT_TEAM = "";
				ENABLE_HARDENED_RUNTIME = YES;
				ENABLE_PREVIEWS = YES;
				GENERATE_INFOPLIST_FILE = YES;
				INFOPLIST_KEY_LSApplicationCategoryType = "public.app-category.utilities";
				INFOPLIST_KEY_NSHumanReadableCopyright = "";
				LD_RUNPATH_SEARCH_PATHS = (
					"$(inherited)",
					"@executable_path/../Frameworks",
				);
				MARKETING_VERSION = 0.0.6;
				PRODUCT_BUNDLE_IDENTIFIER = com.macclipboard.app;
				PRODUCT_NAME = MacClipboard;
				SWIFT_EMIT_LOC_STRINGS = YES;
				SWIFT_VERSION = 5.0;
			};
			name = Debug;
		};
		A01234567890123456789027 /* Release */ = {
			isa = XCBuildConfiguration;
			buildSettings = {
				ASSETCATALOG_COMPILER_APPICON_NAME = AppIcon;
				ASSETCATALOG_COMPILER_GLOBAL_ACCENT_COLOR_NAME = AccentColor;
				CODE_SIGN_ENTITLEMENTS = MacClipboard/MacClipboard.entitlements;
				CODE_SIGN_STYLE = Automatic;
				COMBINE_HIDPI_IMAGES = YES;
				CURRENT_PROJECT_VERSION = 10;
				DEVELOPMENT_TEAM = "";
				ENABLE_HARDENED_RUNTIME = YES;
				ENABLE_PREVIEWS = YES;
				GENERATE_INFOPLIST_FILE = YES;
				INFOPLIST_KEY_LSApplicationCategoryType = "public.app-category.utilities";
				INFOPLIST_KEY_NSHumanReadableCopyright = "";
				LD_RUNPATH_SEARCH_PATHS = (
					"$(inherited)",
					"@executable_path/../Frameworks",
				);
				MARKETING_VERSION = 0.0.6;
				PRODUCT_BUNDLE_IDENTIFIER = com.macclipboard.app;
				PRODUCT_NAME = MacClipboard;
				SWIFT_EMIT_LOC_STRINGS = YES;
				SWIFT_VERSION = 5.0;
			};
			name = Release;
		};
/* End XCBuildConfiguration section */

/* Begin XCConfigurationList section */
		A01234567890123456789019 /* Build configuration list for PBXNativeTarget "MacClipboard" */ = {
			isa = XCConfigurationList;
			buildConfigurations = (
				A01234567890123456789026 /* Debug */,
				A01234567890123456789027 /* Release */,
			);
			defaultConfigurationIsVisible = 0;
			defaultConfigurationName = Release;
		};
		A01234567890123456789023 /* Build configuration list for PBXProject "MacClipboard" */ = {
			isa = XCConfigurationList;
			buildConfigurations = (
				A01234567890123456789024 /* Debug */,
				A01234567890123456789025 /* Release */,
			);
			defaultConfigurationIsVisible = 0;
			defaultConfigurationName = Release;
		};
/* End XCConfigurationList section */
	};
	rootObject = A01234567890123456789022 /* Project object */;
}